
Microsoft Visual Studio Solution File, Format Version 12.00
# Visual Studio Version 17
VisualStudioVersion = 17.11.35222.181
MinimumVisualStudioVersion = 10.0.40219.1
Project("{2150E333-8FDC-42A3-9474-1A3956D46DE8}") = "Services", "Services", "{C2CCBF19-266C-41B5-A68E-C6E548A4701B}"
EndProject
Project("{2150E333-8FDC-42A3-9474-1A3956D46DE8}") = "Catalog", "Catalog", "{2A76CFFE-4B42-497B-A0D4-CF05955F601C}"
EndProject
Project("{9A19103F-16F7-4668-BE54-9A1E7A4F7556}") = "Catalog.API", "Services\Catalog\Catalog.API\Catalog.API.csproj", "{FFD2AEC2-EB41-40D3-99D2-7642270E5450}"
EndProject
Project("{E53339B2-1760-4266-BCC7-CA923CBCF16C}") = "docker-compose", "docker-compose.dcproj", "{637C4EFD-6D22-42C7-A38A-E0D97B62A663}"
EndProject
Project("{2150E333-8FDC-42A3-9474-1A3956D46DE8}") = "Solution Items", "Solution Items", "{EA1D78C9-D8F8-479A-9F03-3751562EBB3E}"
	ProjectSection(SolutionItems) = preProject
		command.txt = command.txt
	EndProjectSection
EndProject
Project("{2150E333-8FDC-42A3-9474-1A3956D46DE8}") = "Basket", "Basket", "{47E73280-2D44-4986-82A8-DAB539F1033D}"
EndProject
Project("{9A19103F-16F7-4668-BE54-9A1E7A4F7556}") = "Basket.API", "Services\Basket\Basket.API\Basket.API.csproj", "{9669FAF7-58C7-4D06-90DA-0ED14DE05163}"
EndProject
Project("{2150E333-8FDC-42A3-9474-1A3956D46DE8}") = "Discount", "Discount", "{5CAE6F62-DCBD-456B-98D7-92DC59B14519}"
EndProject
Project("{FAE04EC0-301F-11D3-BF4B-00C04F79EFBC}") = "Discount.API", "Services\Discount\Discount.API\Discount.API.csproj", "{BD190478-03FB-46B2-A88A-6A6CD4346567}"
EndProject
Project("{FAE04EC0-301F-11D3-BF4B-00C04F79EFBC}") = "Discount.Grpc", "Services\Discount\Discount.Grpc\Discount.Grpc.csproj", "{7043182D-55DC-4860-A1A7-A94F8A12EC9F}"
EndProject
Project("{2150E333-8FDC-42A3-9474-1A3956D46DE8}") = "Ordering", "Ordering", "{282C93C3-3EAE-4C22-83EE-04B726080BDA}"
EndProject
Project("{FAE04EC0-301F-11D3-BF4B-00C04F79EFBC}") = "Ordering.API", "Services\Ordering\Ordering.API\Ordering.API.csproj", "{5BE20F8C-A263-4433-8CA4-F8073F3D05AF}"
EndProject
Project("{FAE04EC0-301F-11D3-BF4B-00C04F79EFBC}") = "Ordering.Domain", "Services\Ordering\Ordering.Domain\Ordering.Domain.csproj", "{086EBE16-5A43-487E-A6F7-5CB3958204B4}"
EndProject
Project("{FAE04EC0-301F-11D3-BF4B-00C04F79EFBC}") = "Ordering.Application", "Services\Ordering\Ordering.Application\Ordering.Application.csproj", "{232869FA-4C0A-4ADF-97E1-6A2AD393A0D0}"
EndProject
Project("{FAE04EC0-301F-11D3-BF4B-00C04F79EFBC}") = "Ordering.Infrastructure", "Services\Ordering\Ordering.Infrastructure\Ordering.Infrastructure.csproj", "{0A87BBF1-1B9C-44AD-9296-C25A3F55E224}"
EndProject
Global
	GlobalSection(SolutionConfigurationPlatforms) = preSolution
		Debug|Any CPU = Debug|Any CPU
		Release|Any CPU = Release|Any CPU
	EndGlobalSection
	GlobalSection(ProjectConfigurationPlatforms) = postSolution
		{FFD2AEC2-EB41-40D3-99D2-7642270E5450}.Debug|Any CPU.ActiveCfg = Debug|Any CPU
		{FFD2AEC2-EB41-40D3-99D2-7642270E5450}.Debug|Any CPU.Build.0 = Debug|Any CPU
		{FFD2AEC2-EB41-40D3-99D2-7642270E5450}.Release|Any CPU.ActiveCfg = Release|Any CPU
		{FFD2AEC2-EB41-40D3-99D2-7642270E5450}.Release|Any CPU.Build.0 = Release|Any CPU
		{637C4EFD-6D22-42C7-A38A-E0D97B62A663}.Debug|Any CPU.ActiveCfg = Debug|Any CPU
		{637C4EFD-6D22-42C7-A38A-E0D97B62A663}.Debug|Any CPU.Build.0 = Debug|Any CPU
		{637C4EFD-6D22-42C7-A38A-E0D97B62A663}.Release|Any CPU.ActiveCfg = Release|Any CPU
		{637C4EFD-6D22-42C7-A38A-E0D97B62A663}.Release|Any CPU.Build.0 = Release|Any CPU
		{9669FAF7-58C7-4D06-90DA-0ED14DE05163}.Debug|Any CPU.ActiveCfg = Debug|Any CPU
		{9669FAF7-58C7-4D06-90DA-0ED14DE05163}.Debug|Any CPU.Build.0 = Debug|Any CPU
		{9669FAF7-58C7-4D06-90DA-0ED14DE05163}.Release|Any CPU.ActiveCfg = Release|Any CPU
		{9669FAF7-58C7-4D06-90DA-0ED14DE05163}.Release|Any CPU.Build.0 = Release|Any CPU
		{BD190478-03FB-46B2-A88A-6A6CD4346567}.Debug|Any CPU.ActiveCfg = Debug|Any CPU
		{BD190478-03FB-46B2-A88A-6A6CD4346567}.Debug|Any CPU.Build.0 = Debug|Any CPU
		{BD190478-03FB-46B2-A88A-6A6CD4346567}.Release|Any CPU.ActiveCfg = Release|Any CPU
		{BD190478-03FB-46B2-A88A-6A6CD4346567}.Release|Any CPU.Build.0 = Release|Any CPU
		{7043182D-55DC-4860-A1A7-A94F8A12EC9F}.Debug|Any CPU.ActiveCfg = Debug|Any CPU
		{7043182D-55DC-4860-A1A7-A94F8A12EC9F}.Debug|Any CPU.Build.0 = Debug|Any CPU
		{7043182D-55DC-4860-A1A7-A94F8A12EC9F}.Release|Any CPU.ActiveCfg = Release|Any CPU
		{7043182D-55DC-4860-A1A7-A94F8A12EC9F}.Release|Any CPU.Build.0 = Release|Any CPU
		{5BE20F8C-A263-4433-8CA4-F8073F3D05AF}.Debug|Any CPU.ActiveCfg = Debug|Any CPU
		{5BE20F8C-A263-4433-8CA4-F8073F3D05AF}.Debug|Any CPU.Build.0 = Debug|Any CPU
		{5BE20F8C-A263-4433-8CA4-F8073F3D05AF}.Release|Any CPU.ActiveCfg = Release|Any CPU
		{5BE20F8C-A263-4433-8CA4-F8073F3D05AF}.Release|Any CPU.Build.0 = Release|Any CPU
		{086EBE16-5A43-487E-A6F7-5CB3958204B4}.Debug|Any CPU.ActiveCfg = Debug|Any CPU
		{086EBE16-5A43-487E-A6F7-5CB3958204B4}.Debug|Any CPU.Build.0 = Debug|Any CPU
		{086EBE16-5A43-487E-A6F7-5CB3958204B4}.Release|Any CPU.ActiveCfg = Release|Any CPU
		{086EBE16-5A43-487E-A6F7-5CB3958204B4}.Release|Any CPU.Build.0 = Release|Any CPU
		{232869FA-4C0A-4ADF-97E1-6A2AD393A0D0}.Debug|Any CPU.ActiveCfg = Debug|Any CPU
		{232869FA-4C0A-4ADF-97E1-6A2AD393A0D0}.Debug|Any CPU.Build.0 = Debug|Any CPU
		{232869FA-4C0A-4ADF-97E1-6A2AD393A0D0}.Release|Any CPU.ActiveCfg = Release|Any CPU
		{232869FA-4C0A-4ADF-97E1-6A2AD393A0D0}.Release|Any CPU.Build.0 = Release|Any CPU
		{0A87BBF1-1B9C-44AD-9296-C25A3F55E224}.Debug|Any CPU.ActiveCfg = Debug|Any CPU
		{0A87BBF1-1B9C-44AD-9296-C25A3F55E224}.Debug|Any CPU.Build.0 = Debug|Any CPU
		{0A87BBF1-1B9C-44AD-9296-C25A3F55E224}.Release|Any CPU.ActiveCfg = Release|Any CPU
		{0A87BBF1-1B9C-44AD-9296-C25A3F55E224}.Release|Any CPU.Build.0 = Release|Any CPU
	EndGlobalSection
	GlobalSection(SolutionProperties) = preSolution
		HideSolutionNode = FALSE
	EndGlobalSection
	GlobalSection(NestedProjects) = preSolution
		{2A76CFFE-4B42-497B-A0D4-CF05955F601C} = {C2CCBF19-266C-41B5-A68E-C6E548A4701B}
		{FFD2AEC2-EB41-40D3-99D2-7642270E5450} = {2A76CFFE-4B42-497B-A0D4-CF05955F601C}
		{47E73280-2D44-4986-82A8-DAB539F1033D} = {C2CCBF19-266C-41B5-A68E-C6E548A4701B}
		{9669FAF7-58C7-4D06-90DA-0ED14DE05163} = {47E73280-2D44-4986-82A8-DAB539F1033D}
		{5CAE6F62-DCBD-456B-98D7-92DC59B14519} = {C2CCBF19-266C-41B5-A68E-C6E548A4701B}
		{BD190478-03FB-46B2-A88A-6A6CD4346567} = {5CAE6F62-DCBD-456B-98D7-92DC59B14519}
		{7043182D-55DC-4860-A1A7-A94F8A12EC9F} = {5CAE6F62-DCBD-456B-98D7-92DC59B14519}
		{282C93C3-3EAE-4C22-83EE-04B726080BDA} = {C2CCBF19-266C-41B5-A68E-C6E548A4701B}
		{5BE20F8C-A263-4433-8CA4-F8073F3D05AF} = {282C93C3-3EAE-4C22-83EE-04B726080BDA}
		{086EBE16-5A43-487E-A6F7-5CB3958204B4} = {282C93C3-3EAE-4C22-83EE-04B726080BDA}
		{232869FA-4C0A-4ADF-97E1-6A2AD393A0D0} = {282C93C3-3EAE-4C22-83EE-04B726080BDA}
		{0A87BBF1-1B9C-44AD-9296-C25A3F55E224} = {282C93C3-3EAE-4C22-83EE-04B726080BDA}
	EndGlobalSection
	GlobalSection(ExtensibilityGlobals) = postSolution
		SolutionGuid = {BD3A536A-B9A8-4F99-8723-E9317C86582A}
	EndGlobalSection
EndGlobal
