
Microsoft Visual Studio Solution File, Format Version 12.00
# Visual Studio Version 17
VisualStudioVersion = 17.11.35222.181
MinimumVisualStudioVersion = 10.0.40219.1
Project("{2150E333-8FDC-42A3-9474-1A3956D46DE8}") = "Services", "Services", "{C2CCBF19-266C-41B5-A68E-C6E548A4701B}"
EndProject
Project("{2150E333-8FDC-42A3-9474-1A3956D46DE8}") = "Catalog", "Catalog", "{2A76CFFE-4B42-497B-A0D4-CF05955F601C}"
EndProject
Project("{9A19103F-16F7-4668-BE54-9A1E7A4F7556}") = "Catalog.API", "Services\Catalog\Catalog.API\Catalog.API.csproj", "{FFD2AEC2-EB41-40D3-99D2-7642270E5450}"
EndProject
Project("{E53339B2-1760-4266-BCC7-CA923CBCF16C}") = "docker-compose", "docker-compose.dcproj", "{637C4EFD-6D22-42C7-A38A-E0D97B62A663}"
EndProject
Project("{2150E333-8FDC-42A3-9474-1A3956D46DE8}") = "Solution Items", "Solution Items", "{EA1D78C9-D8F8-479A-9F03-3751562EBB3E}"
	ProjectSection(SolutionItems) = preProject
		command.txt = command.txt
	EndProjectSection
EndProject
Global
	GlobalSection(SolutionConfigurationPlatforms) = preSolution
		Debug|Any CPU = Debug|Any CPU
		Release|Any CPU = Release|Any CPU
	EndGlobalSection
	GlobalSection(ProjectConfigurationPlatforms) = postSolution
		{FFD2AEC2-EB41-40D3-99D2-7642270E5450}.Debug|Any CPU.ActiveCfg = Debug|Any CPU
		{FFD2AEC2-EB41-40D3-99D2-7642270E5450}.Debug|Any CPU.Build.0 = Debug|Any CPU
		{FFD2AEC2-EB41-40D3-99D2-7642270E5450}.Release|Any CPU.ActiveCfg = Release|Any CPU
		{FFD2AEC2-EB41-40D3-99D2-7642270E5450}.Release|Any CPU.Build.0 = Release|Any CPU
		{637C4EFD-6D22-42C7-A38A-E0D97B62A663}.Debug|Any CPU.ActiveCfg = Debug|Any CPU
		{637C4EFD-6D22-42C7-A38A-E0D97B62A663}.Debug|Any CPU.Build.0 = Debug|Any CPU
		{637C4EFD-6D22-42C7-A38A-E0D97B62A663}.Release|Any CPU.ActiveCfg = Release|Any CPU
		{637C4EFD-6D22-42C7-A38A-E0D97B62A663}.Release|Any CPU.Build.0 = Release|Any CPU
	EndGlobalSection
	GlobalSection(SolutionProperties) = preSolution
		HideSolutionNode = FALSE
	EndGlobalSection
	GlobalSection(NestedProjects) = preSolution
		{2A76CFFE-4B42-497B-A0D4-CF05955F601C} = {C2CCBF19-266C-41B5-A68E-C6E548A4701B}
		{FFD2AEC2-EB41-40D3-99D2-7642270E5450} = {2A76CFFE-4B42-497B-A0D4-CF05955F601C}
	EndGlobalSection
	GlobalSection(ExtensibilityGlobals) = postSolution
		SolutionGuid = {BD3A536A-B9A8-4F99-8723-E9317C86582A}
	EndGlobalSection
EndGlobal
